
Microsoft Visual Studio Solution File, Format Version 12.00
# Visual Studio 2013
VisualStudioVersion = 12.0.31101.0
MinimumVisualStudioVersion = 10.0.40219.1
Project("{FAE04EC0-301F-11D3-BF4B-00C04F79EFBC}") = "Ulaznicar", "Ulaznicar\Ulaznicar.csproj", "{4E593993-BE33-4720-BED2-187F124B6632}"
EndProject
Project("{F088123C-0E9E-452A-89E6-6BA2F21D5CAC}") = "dijagrami", "dijagrami\dijagrami.modelproj", "{4815421D-E485-4FF6-B24C-76BD759BAC49}"
EndProject
Global
	GlobalSection(SolutionConfigurationPlatforms) = preSolution
		Debug|Any CPU = Debug|Any CPU
		Release|Any CPU = Release|Any CPU
	EndGlobalSection
	GlobalSection(ProjectConfigurationPlatforms) = postSolution
		{4E593993-BE33-4720-BED2-187F124B6632}.Debug|Any CPU.ActiveCfg = Debug|Any CPU
		{4E593993-BE33-4720-BED2-187F124B6632}.Debug|Any CPU.Build.0 = Debug|Any CPU
		{4E593993-BE33-4720-BED2-187F124B6632}.Release|Any CPU.ActiveCfg = Release|Any CPU
		{4E593993-BE33-4720-BED2-187F124B6632}.Release|Any CPU.Build.0 = Release|Any CPU
		{4815421D-E485-4FF6-B24C-76BD759BAC49}.Debug|Any CPU.ActiveCfg = Debug|Any CPU
		{4815421D-E485-4FF6-B24C-76BD759BAC49}.Debug|Any CPU.Build.0 = Debug|Any CPU
		{4815421D-E485-4FF6-B24C-76BD759BAC49}.Release|Any CPU.ActiveCfg = Release|Any CPU
		{4815421D-E485-4FF6-B24C-76BD759BAC49}.Release|Any CPU.Build.0 = Release|Any CPU
	EndGlobalSection
	GlobalSection(SolutionProperties) = preSolution
		HideSolutionNode = FALSE
	EndGlobalSection
EndGlobal
